
Microsoft Visual Studio Solution File, Format Version 12.00
# Visual Studio Version 16
VisualStudioVersion = 16.0.29020.237
MinimumVisualStudioVersion = 10.0.40219.1
Project("{FAE04EC0-301F-11D3-BF4B-00C04F79EFBC}") = "Lead_MGT", "Lead_MGT.csproj", "{3660CDB4-B112-4398-8F9A-E97D7C67E5CC}"
EndProject
Project("{FAE04EC0-301F-11D3-BF4B-00C04F79EFBC}") = "Lead_MGTServices", "..\Lead_MGTServices\Lead_MGTServices.csproj", "{6CB02A82-E0AD-469D-B647-6C3E50E4B1FB}"
EndProject
Project("{FAE04EC0-301F-11D3-BF4B-00C04F79EFBC}") = "Lead_MGTBusiness", "..\Lead_MGTBusiness\Lead_MGTBusiness.csproj", "{9FBF32FF-A27C-418A-A345-02534CD9C03E}"
EndProject
Project("{FAE04EC0-301F-11D3-BF4B-00C04F79EFBC}") = "Lead_MGTModel", "..\Lead_MGTModel\Lead_MGTModel.csproj", "{4A81B059-C793-4878-BFD6-899CA09093E5}"
EndProject
Project("{FAE04EC0-301F-11D3-BF4B-00C04F79EFBC}") = "Lead_MGTValueObject", "..\Lead_MGTValueObject\Lead_MGTValueObject.csproj", "{D5B10901-FC1C-41BD-B117-9CD1D801EE2B}"
EndProject
Global
	GlobalSection(SolutionConfigurationPlatforms) = preSolution
		Debug|Any CPU = Debug|Any CPU
		Release|Any CPU = Release|Any CPU
	EndGlobalSection
	GlobalSection(ProjectConfigurationPlatforms) = postSolution
		{3660CDB4-B112-4398-8F9A-E97D7C67E5CC}.Debug|Any CPU.ActiveCfg = Debug|Any CPU
		{3660CDB4-B112-4398-8F9A-E97D7C67E5CC}.Debug|Any CPU.Build.0 = Debug|Any CPU
		{3660CDB4-B112-4398-8F9A-E97D7C67E5CC}.Release|Any CPU.ActiveCfg = Release|Any CPU
		{3660CDB4-B112-4398-8F9A-E97D7C67E5CC}.Release|Any CPU.Build.0 = Release|Any CPU
		{6CB02A82-E0AD-469D-B647-6C3E50E4B1FB}.Debug|Any CPU.ActiveCfg = Debug|Any CPU
		{6CB02A82-E0AD-469D-B647-6C3E50E4B1FB}.Debug|Any CPU.Build.0 = Debug|Any CPU
		{6CB02A82-E0AD-469D-B647-6C3E50E4B1FB}.Release|Any CPU.ActiveCfg = Release|Any CPU
		{6CB02A82-E0AD-469D-B647-6C3E50E4B1FB}.Release|Any CPU.Build.0 = Release|Any CPU
		{9FBF32FF-A27C-418A-A345-02534CD9C03E}.Debug|Any CPU.ActiveCfg = Debug|Any CPU
		{9FBF32FF-A27C-418A-A345-02534CD9C03E}.Debug|Any CPU.Build.0 = Debug|Any CPU
		{9FBF32FF-A27C-418A-A345-02534CD9C03E}.Release|Any CPU.ActiveCfg = Release|Any CPU
		{9FBF32FF-A27C-418A-A345-02534CD9C03E}.Release|Any CPU.Build.0 = Release|Any CPU
		{4A81B059-C793-4878-BFD6-899CA09093E5}.Debug|Any CPU.ActiveCfg = Debug|Any CPU
		{4A81B059-C793-4878-BFD6-899CA09093E5}.Debug|Any CPU.Build.0 = Debug|Any CPU
		{4A81B059-C793-4878-BFD6-899CA09093E5}.Release|Any CPU.ActiveCfg = Release|Any CPU
		{4A81B059-C793-4878-BFD6-899CA09093E5}.Release|Any CPU.Build.0 = Release|Any CPU
		{D5B10901-FC1C-41BD-B117-9CD1D801EE2B}.Debug|Any CPU.ActiveCfg = Debug|Any CPU
		{D5B10901-FC1C-41BD-B117-9CD1D801EE2B}.Debug|Any CPU.Build.0 = Debug|Any CPU
		{D5B10901-FC1C-41BD-B117-9CD1D801EE2B}.Release|Any CPU.ActiveCfg = Release|Any CPU
		{D5B10901-FC1C-41BD-B117-9CD1D801EE2B}.Release|Any CPU.Build.0 = Release|Any CPU
	EndGlobalSection
	GlobalSection(SolutionProperties) = preSolution
		HideSolutionNode = FALSE
	EndGlobalSection
	GlobalSection(ExtensibilityGlobals) = postSolution
		SolutionGuid = {FA22223A-A824-4902-84CA-2D3C9DD165D9}
	EndGlobalSection
EndGlobal
